{
    "_readme": [
        "This file locks the dependencies of your project to a known state",
        "Read more about it at https://getcomposer.org/doc/01-basic-usage.md#composer-lock-the-lock-file",
        "This file is @generated automatically"
    ],
    "hash": "88c29ffe6c4da9b2fc76079e18b2128d",
    "packages": [
        {
            "name": "composer/installers",
            "version": "v1.0.21",
            "source": {
                "type": "git",
                "url": "https://github.com/composer/installers.git",
                "reference": "d64e23fce42a4063d63262b19b8e7c0f3b5e4c45"
            },
            "dist": {
                "type": "zip",
                "url": "https://api.github.com/repos/composer/installers/zipball/d64e23fce42a4063d63262b19b8e7c0f3b5e4c45",
                "reference": "d64e23fce42a4063d63262b19b8e7c0f3b5e4c45",
                "shasum": ""
            },
            "replace": {
                "roundcube/plugin-installer": "*",
                "shama/baton": "*"
            },
            "require-dev": {
                "composer/composer": "1.0.*@dev",
                "phpunit/phpunit": "4.1.*"
            },
            "type": "composer-installer",
            "extra": {
                "class": "Composer\\Installers\\Installer",
                "branch-alias": {
                    "dev-master": "1.0-dev"
                }
            },
            "autoload": {
                "psr-0": {
                    "Composer\\Installers\\": "src/"
                }
            },
            "notification-url": "https://packagist.org/downloads/",
            "license": [
                "MIT"
            ],
            "authors": [
                {
                    "name": "Kyle Robinson Young",
                    "email": "kyle@dontkry.com",
                    "homepage": "https://github.com/shama"
                }
            ],
            "description": "A multi-framework Composer library installer",
            "homepage": "http://composer.github.com/installers/",
            "keywords": [
                "Craft",
                "Dolibarr",
                "Hurad",
                "MODX Evo",
                "OXID",
                "SMF",
                "Thelia",
                "WolfCMS",
                "agl",
                "aimeos",
                "annotatecms",
                "bitrix",
                "cakephp",
                "chef",
                "codeigniter",
                "concrete5",
                "croogo",
                "dokuwiki",
                "drupal",
                "elgg",
                "fuelphp",
                "grav",
                "installer",
                "joomla",
                "kohana",
                "laravel",
                "lithium",
                "magento",
                "mako",
                "mediawiki",
                "modulework",
                "moodle",
                "phpbb",
                "piwik",
                "ppi",
                "puppet",
                "roundcube",
                "shopware",
                "silverstripe",
                "symfony",
                "typo3",
                "wordpress",
                "zend",
                "zikula"
            ],
            "time": "2015-02-18 17:17:01"
        },
        {
            "name": "johnpbloch/wordpress",
            "version": "4.2.4",
            "source": {
                "type": "git",
                "url": "https://github.com/johnpbloch/wordpress.git",
                "reference": "7ba0030c15a88c63b3ba2e8ebee1215e211aa9a1"
            },
            "dist": {
                "type": "zip",
                "url": "https://api.github.com/repos/johnpbloch/wordpress/zipball/7ba0030c15a88c63b3ba2e8ebee1215e211aa9a1",
                "reference": "7ba0030c15a88c63b3ba2e8ebee1215e211aa9a1",
                "shasum": ""
            },
            "require": {
                "johnpbloch/wordpress-core-installer": "~0.2",
                "php": ">=5.3.2"
            },
            "type": "wordpress-core",
            "notification-url": "https://packagist.org/downloads/",
            "license": [
                "GPL-2.0+"
            ],
            "authors": [
                {
                    "name": "WordPress Community",
                    "homepage": "http://wordpress.org/about/"
                }
            ],
            "description": "WordPress is web software you can use to create a beautiful website or blog.",
            "homepage": "http://wordpress.org/",
            "keywords": [
                "blog",
                "cms"
            ],
            "time": "2015-08-04 12:01:12"
        },
        {
            "name": "johnpbloch/wordpress-core-installer",
            "version": "0.2.1",
            "source": {
                "type": "git",
                "url": "https://github.com/johnpbloch/wordpress-core-installer.git",
                "reference": "a04c2c383ef13aae077f36799ed2eafdebd618d2"
            },
            "dist": {
                "type": "zip",
                "url": "https://api.github.com/repos/johnpbloch/wordpress-core-installer/zipball/a04c2c383ef13aae077f36799ed2eafdebd618d2",
                "reference": "a04c2c383ef13aae077f36799ed2eafdebd618d2",
                "shasum": ""
            },
            "require": {
                "composer-plugin-api": "^1.0"
            },
            "conflict": {
                "composer/installers": "<1.0.6"
            },
            "require-dev": {
                "composer/composer": "1.0.*@dev"
            },
            "type": "composer-plugin",
            "extra": {
                "class": "johnpbloch\\Composer\\WordPressCorePlugin"
            },
            "autoload": {
                "psr-0": {
                    "johnpbloch\\Composer\\": "src/"
                }
            },
            "notification-url": "https://packagist.org/downloads/",
            "license": [
                "GPL-2.0+"
            ],
            "authors": [
                {
                    "name": "John P. Bloch",
                    "email": "me@johnpbloch.com"
                }
            ],
            "description": "A custom installer to handle deploying WordPress with composer",
            "keywords": [
                "wordpress"
            ],
            "time": "2015-06-11 15:15:30"
        },
        {
            "name": "vlucas/phpdotenv",
            "version": "v2.0.1",
            "source": {
                "type": "git",
                "url": "https://github.com/vlucas/phpdotenv.git",
                "reference": "91064290f5b53a09bdff1b939d7f69fb0e7531b5"
            },
            "dist": {
                "type": "zip",
                "url": "https://api.github.com/repos/vlucas/phpdotenv/zipball/91064290f5b53a09bdff1b939d7f69fb0e7531b5",
                "reference": "91064290f5b53a09bdff1b939d7f69fb0e7531b5",
                "shasum": ""
            },
            "require": {
                "php": ">=5.3.2"
            },
            "require-dev": {
                "phpunit/phpunit": "~4.0"
            },
            "type": "library",
            "autoload": {
                "psr-4": {
                    "Dotenv\\": "src/"
                }
            },
            "notification-url": "https://packagist.org/downloads/",
            "license": [
                "BSD"
            ],
            "authors": [
                {
                    "name": "Vance Lucas",
                    "email": "vance@vancelucas.com",
                    "homepage": "http://www.vancelucas.com"
                }
            ],
            "description": "Loads environment variables from `.env` to `getenv()`, `$_ENV` and `$_SERVER` automagically.",
            "homepage": "http://github.com/vlucas/phpdotenv",
            "keywords": [
                "dotenv",
                "env",
                "environment"
            ],
            "time": "2015-05-30 16:15:01"
        },
        {
            "name": "wpackagist-plugin/post-type-archive-links",
            "version": "1.3.1",
            "source": {
                "type": "svn",
                "url": "http://plugins.svn.wordpress.org/post-type-archive-links/",
                "reference": "tags/1.3.1"
            },
            "dist": {
                "type": "zip",
                "url": "https://downloads.wordpress.org/plugin/post-type-archive-links.1.3.1.zip",
                "reference": null,
                "shasum": null
            },
            "require": {
                "composer/installers": "~1.0"
            },
            "type": "wordpress-plugin",
            "homepage": "https://wordpress.org/plugins/post-type-archive-links/"
        }
    ],
    "packages-dev": [
        {
            "name": "faithmade/churchthemes",
            "version": "dev-master",
            "source": {
                "type": "git",
                "url": "https://github.com/faithmade/churchthemes.git",
                "reference": "ab88e510e481730ec788e0dd72198435caf8850d"
            },
            "dist": {
                "type": "zip",
                "url": "https://api.github.com/repos/faithmade/churchthemes/zipball/ab88e510e481730ec788e0dd72198435caf8850d",
                "reference": "ab88e510e481730ec788e0dd72198435caf8850d",
                "shasum": ""
            },
            "require": {
                "composer/installers": "v1.0.21"
            },
            "type": "wordpress-plugin",
            "notification-url": "https://packagist.org/downloads/",
            "description": "Sermons, people, locations, and events support for use with any theme built for Rock",
            "time": "2015-07-24 17:57:43"
        },
        {
            "name": "faithmade/faith-builder",
            "version": "dev-master",
            "source": {
                "type": "git",
                "url": "https://github.com/faithmade/faith-builder.git",
                "reference": "00390a5d8f6c50432883c28778ca39617e4d1268"
            },
            "dist": {
                "type": "zip",
                "url": "https://api.github.com/repos/faithmade/faith-builder/zipball/00390a5d8f6c50432883c28778ca39617e4d1268",
                "reference": "00390a5d8f6c50432883c28778ca39617e4d1268",
                "shasum": ""
            },
            "require": {
                "composer/installers": "v1.0.21"
            },
            "type": "wordpress-plugin",
            "notification-url": "https://packagist.org/downloads/",
            "description": "Custom modules and configuration for the Beaver Builder implementation for Faithmade",
            "time": "2015-07-24 16:41:54"
        },
        {
            "name": "faithmade/praise",
            "version": "dev-master",
            "source": {
                "type": "git",
                "url": "https://github.com/faithmade/praise.git",
                "reference": "4b2198ce2630dac9c6b0b517e71c0b4bbb4d5207"
            },
            "dist": {
                "type": "zip",
                "url": "https://api.github.com/repos/faithmade/praise/zipball/4b2198ce2630dac9c6b0b517e71c0b4bbb4d5207",
                "reference": "4b2198ce2630dac9c6b0b517e71c0b4bbb4d5207",
                "shasum": ""
            },
            "require": {
                "composer/installers": "v1.0.21"
            },
            "type": "wordpress-theme",
            "notification-url": "https://packagist.org/downloads/",
            "description": "WordPress child theme for Rock",
            "time": "2015-08-07 14:23:30"
        },
        {
            "name": "faithmade/rock",
            "version": "dev-master",
            "source": {
                "type": "git",
                "url": "https://github.com/faithmade/rock.git",
                "reference": "b4ba3355b54a29bea6a5ecd67bc2a2a03b7765fe"
            },
            "dist": {
                "type": "zip",
                "url": "https://api.github.com/repos/faithmade/rock/zipball/b4ba3355b54a29bea6a5ecd67bc2a2a03b7765fe",
                "reference": "b4ba3355b54a29bea6a5ecd67bc2a2a03b7765fe",
                "shasum": ""
            },
            "require": {
                "composer/installers": "v1.0.21",
                "tgmpa/tgm-plugin-activation": "*"
            },
            "type": "wordpress-theme",
            "notification-url": "https://packagist.org/downloads/",
            "description": "WordPress theme framework for Faithmade",
            "time": "2015-08-06 23:07:16"
        },
        {
            "name": "tgmpa/tgm-plugin-activation",
            "version": "2.5.2",
            "source": {
                "type": "git",
                "url": "https://github.com/TGMPA/TGM-Plugin-Activation.git",
                "reference": "ba41c10e821a10d3d6c3b8e468a16716bb03f125"
            },
            "dist": {
                "type": "zip",
                "url": "https://api.github.com/repos/TGMPA/TGM-Plugin-Activation/zipball/ba41c10e821a10d3d6c3b8e468a16716bb03f125",
                "reference": "ba41c10e821a10d3d6c3b8e468a16716bb03f125",
                "shasum": ""
            },
            "require": {
                "php": ">=5.2"
            },
            "type": "library",
            "autoload": {
                "files": [
                    "class-tgm-plugin-activation.php"
                ]
            },
            "notification-url": "https://packagist.org/downloads/",
            "license": [
                "GPL-2.0+"
            ],
            "authors": [
                {
                    "name": "Thomas Griffin",
                    "homepage": "http://thomasgriffinmedia.com",
                    "role": "Developer"
                },
                {
                    "name": "Gary Jones",
                    "homepage": "https://github.com/GaryJones",
                    "role": "Developer"
                },
                {
                    "name": "Juliette Reinders Folmer",
                    "homepage": "https://github.com/jrfnl",
                    "role": "Developer"
                }
            ],
            "description": "TGM Plugin Activation is a PHP library that allows you to easily require or recommend plugins for your WordPress themes (and plugins).",
            "homepage": "http://tgmpluginactivation.com",
            "keywords": [
                "activation",
                "library",
                "plugins",
                "theme",
                "wordpress"
            ],
            "time": "2015-07-16 08:59:11"
        }
    ],
    "aliases": [],
    "minimum-stability": "stable",
    "stability-flags": {
        "faithmade/rock": 20,
        "faithmade/praise": 20,
        "faithmade/faith-builder": 20,
        "faithmade/churchthemes": 20
    },
    "prefer-stable": false,
    "prefer-lowest": false,
    "platform": [],
    "platform-dev": []
}
